
Microsoft Visual Studio Solution File, Format Version 12.00
# Visual Studio Version 16
VisualStudioVersion = 16.0.29230.47
MinimumVisualStudioVersion = 10.0.40219.1
Project("{FAE04EC0-301F-11D3-BF4B-00C04F79EFBC}") = "Create_new_class_and_object", "Create_new_class_and_object\Create_new_class_and_object.csproj", "{753F72A3-F20A-4E74-8804-E0DDDDA0F09E}"
EndProject
Global
	GlobalSection(SolutionConfigurationPlatforms) = preSolution
		Debug|Any CPU = Debug|Any CPU
		Release|Any CPU = Release|Any CPU
	EndGlobalSection
	GlobalSection(ProjectConfigurationPlatforms) = postSolution
		{753F72A3-F20A-4E74-8804-E0DDDDA0F09E}.Debug|Any CPU.ActiveCfg = Debug|Any CPU
		{753F72A3-F20A-4E74-8804-E0DDDDA0F09E}.Debug|Any CPU.Build.0 = Debug|Any CPU
		{753F72A3-F20A-4E74-8804-E0DDDDA0F09E}.Release|Any CPU.ActiveCfg = Release|Any CPU
		{753F72A3-F20A-4E74-8804-E0DDDDA0F09E}.Release|Any CPU.Build.0 = Release|Any CPU
	EndGlobalSection
	GlobalSection(SolutionProperties) = preSolution
		HideSolutionNode = FALSE
	EndGlobalSection
	GlobalSection(ExtensibilityGlobals) = postSolution
		SolutionGuid = {09F74BB9-F9FF-4810-9EE5-DAD6D5BFE29A}
	EndGlobalSection
EndGlobal
